// !$*UTF8*$!
{
	archiveVersion = 1;
	classes = {
	};
	objectVersion = 46;
	objects = {

/* Begin PBXBuildFile section */
		1C45CB3C20D22B7B00FA5578 /* UIView+Snapshot.m in Sources */ = {isa = PBXBuildFile; fileRef = 1C45CB3B20D22B7B00FA5578 /* UIView+Snapshot.m */; };
		1C45CB3F20D23A3C00FA5578 /* UITabBarController+UITabBarView.m in Sources */ = {isa = PBXBuildFile; fileRef = 1C45CB3E20D23A3C00FA5578 /* UITabBarController+UITabBarView.m */; };
		1C557E81208842810006E857 /* UITabBarItem+UIButton.m in Sources */ = {isa = PBXBuildFile; fileRef = 1C557E80208842800006E857 /* UITabBarItem+UIButton.m */; };
		1C557E99209024E40006E857 /* UIViewController+UITabBarButton.m in Sources */ = {isa = PBXBuildFile; fileRef = 1C557E98209024E40006E857 /* UIViewController+UITabBarButton.m */; };
		1C59B067209411D600427D84 /* Style4_2ViewController.m in Sources */ = {isa = PBXBuildFile; fileRef = 1C59B066209411D600427D84 /* Style4_2ViewController.m */; };
		1C59B06A2094130200427D84 /* Style5_2ViewController.m in Sources */ = {isa = PBXBuildFile; fileRef = 1C59B0692094130200427D84 /* Style5_2ViewController.m */; };
		1C59B06D2094473200427D84 /* UIView+UIGestureRecognizer.m in Sources */ = {isa = PBXBuildFile; fileRef = 1C59B06B2094473200427D84 /* UIView+UIGestureRecognizer.m */; };
		1C59B07020944D6300427D84 /* UIGestureRecognizer+YZHState.m in Sources */ = {isa = PBXBuildFile; fileRef = 1C59B06F20944D6300427D84 /* UIGestureRecognizer+YZHState.m */; };
		1C5E1A312092FC5500154928 /* Style5ViewController.m in Sources */ = {isa = PBXBuildFile; fileRef = 1C5E1A302092FC5500154928 /* Style5ViewController.m */; };
		1C5E1A3620930A8100154928 /* UIImage+TintColor.m in Sources */ = {isa = PBXBuildFile; fileRef = 1C5E1A3520930A8100154928 /* UIImage+TintColor.m */; };
		1C99E5841EA4674500A316E2 /* UIScrollView+UIPanGestureRecognizers.m in Sources */ = {isa = PBXBuildFile; fileRef = 1C99E5831EA4674500A316E2 /* UIScrollView+UIPanGestureRecognizers.m */; };
		1C9CE9CB1FFE06E10019C647 /* UISideSlipViewController.m in Sources */ = {isa = PBXBuildFile; fileRef = 1C9CE9CA1FFE06E10019C647 /* UISideSlipViewController.m */; };
		1C9CE9CE1FFE07700019C647 /* leftViewController.m in Sources */ = {isa = PBXBuildFile; fileRef = 1C9CE9CD1FFE07700019C647 /* leftViewController.m */; };
		1C9CE9D11FFE077F0019C647 /* rightViewController.m in Sources */ = {isa = PBXBuildFile; fileRef = 1C9CE9D01FFE077F0019C647 /* rightViewController.m */; };
		1CB1452A20B26D1500E3AD57 /* YZHUIGraphicsImage.m in Sources */ = {isa = PBXBuildFile; fileRef = 1CB1452920B26D1500E3AD57 /* YZHUIGraphicsImage.m */; };
		1CC6A7322079B1F900368C2C /* YZHUIBarButtonItem.m in Sources */ = {isa = PBXBuildFile; fileRef = 1CC6A7302079B1F900368C2C /* YZHUIBarButtonItem.m */; };
		E416F5C51DE2A51E0027CC35 /* UINavigationPopScrollView.m in Sources */ = {isa = PBXBuildFile; fileRef = E416F5C41DE2A51E0027CC35 /* UINavigationPopScrollView.m */; };
		E4392C401DF6827200316201 /* Device.png in Resources */ = {isa = PBXBuildFile; fileRef = E4392C371DF6827200316201 /* Device.png */; };
		E4392C411DF6827200316201 /* Device@2x.png in Resources */ = {isa = PBXBuildFile; fileRef = E4392C381DF6827200316201 /* Device@2x.png */; };
		E4392C421DF6827200316201 /* Device@3x.png in Resources */ = {isa = PBXBuildFile; fileRef = E4392C391DF6827200316201 /* Device@3x.png */; };
		E4392C431DF6827200316201 /* DLNA.png in Resources */ = {isa = PBXBuildFile; fileRef = E4392C3A1DF6827200316201 /* DLNA.png */; };
		E4392C441DF6827200316201 /* DLNA@2x.png in Resources */ = {isa = PBXBuildFile; fileRef = E4392C3B1DF6827200316201 /* DLNA@2x.png */; };
		E4392C451DF6827200316201 /* DLNA@3x.png in Resources */ = {isa = PBXBuildFile; fileRef = E4392C3C1DF6827200316201 /* DLNA@3x.png */; };
		E4392C461DF6827200316201 /* List.png in Resources */ = {isa = PBXBuildFile; fileRef = E4392C3D1DF6827200316201 /* List.png */; };
		E4392C471DF6827200316201 /* List@2x.png in Resources */ = {isa = PBXBuildFile; fileRef = E4392C3E1DF6827200316201 /* List@2x.png */; };
		E4392C481DF6827200316201 /* List@3x.png in Resources */ = {isa = PBXBuildFile; fileRef = E4392C3F1DF6827200316201 /* List@3x.png */; };
		E448D3251E53093E00A2F35C /* YZHTabBarController.m in Sources */ = {isa = PBXBuildFile; fileRef = E448D31E1E53093E00A2F35C /* YZHTabBarController.m */; };
		E448D3261E53093E00A2F35C /* UITabBarButton.m in Sources */ = {isa = PBXBuildFile; fileRef = E448D3221E53093E00A2F35C /* UITabBarButton.m */; };
		E448D3271E53093E00A2F35C /* UITabBarView.m in Sources */ = {isa = PBXBuildFile; fileRef = E448D3241E53093E00A2F35C /* UITabBarView.m */; };
		E448D32A1E530A4A00A2F35C /* Style1ViewController.m in Sources */ = {isa = PBXBuildFile; fileRef = E448D3291E530A4A00A2F35C /* Style1ViewController.m */; };
		E448D32D1E530A6700A2F35C /* Style2ViewController.m in Sources */ = {isa = PBXBuildFile; fileRef = E448D32C1E530A6700A2F35C /* Style2ViewController.m */; };
		E448D3301E530A8A00A2F35C /* Style3ViewController.m in Sources */ = {isa = PBXBuildFile; fileRef = E448D32F1E530A8A00A2F35C /* Style3ViewController.m */; };
		E448D3331E530B6A00A2F35C /* Style4ViewController.m in Sources */ = {isa = PBXBuildFile; fileRef = E448D3321E530B6A00A2F35C /* Style4ViewController.m */; };
		E448D3361E53313D00A2F35C /* Style1_2ViewController.m in Sources */ = {isa = PBXBuildFile; fileRef = E448D3351E53313D00A2F35C /* Style1_2ViewController.m */; };
		E448D3391E53465900A2F35C /* Style2_2ViewController.m in Sources */ = {isa = PBXBuildFile; fileRef = E448D3381E53465900A2F35C /* Style2_2ViewController.m */; };
		E48A2BC91DDE0214006E54FB /* UINavigationItemView.m in Sources */ = {isa = PBXBuildFile; fileRef = E48A2BC81DDE0214006E54FB /* UINavigationItemView.m */; };
		E48A2BCC1DDE0561006E54FB /* YZHDefaultAnimatedTransition.m in Sources */ = {isa = PBXBuildFile; fileRef = E48A2BCB1DDE0561006E54FB /* YZHDefaultAnimatedTransition.m */; };
		E48A2BCF1DDE0600006E54FB /* UIView+UIViewController.m in Sources */ = {isa = PBXBuildFile; fileRef = E48A2BCE1DDE0600006E54FB /* UIView+UIViewController.m */; };
		E48A2BD21DDE060B006E54FB /* UIViewController+NavigationBarAndItemView.m in Sources */ = {isa = PBXBuildFile; fileRef = E48A2BD11DDE060B006E54FB /* UIViewController+NavigationBarAndItemView.m */; };
		E48B00AC1E545BD0000160BC /* Style3_2ViewController.m in Sources */ = {isa = PBXBuildFile; fileRef = E48B00AB1E545BD0000160BC /* Style3_2ViewController.m */; };
		E48B00AF1E545F56000160BC /* Style3_3ViewController.m in Sources */ = {isa = PBXBuildFile; fileRef = E48B00AE1E545F56000160BC /* Style3_3ViewController.m */; };
		E48B00B21E546111000160BC /* Style1_3ViewController.m in Sources */ = {isa = PBXBuildFile; fileRef = E48B00B11E546111000160BC /* Style1_3ViewController.m */; };
		E4FF4E221DDDB3AF003C0A79 /* main.m in Sources */ = {isa = PBXBuildFile; fileRef = E4FF4E211DDDB3AF003C0A79 /* main.m */; };
		E4FF4E251DDDB3AF003C0A79 /* AppDelegate.m in Sources */ = {isa = PBXBuildFile; fileRef = E4FF4E241DDDB3AF003C0A79 /* AppDelegate.m */; };
		E4FF4E2D1DDDB3AF003C0A79 /* Images.xcassets in Resources */ = {isa = PBXBuildFile; fileRef = E4FF4E2C1DDDB3AF003C0A79 /* Images.xcassets */; };
		E4FF4E3C1DDDB3AF003C0A79 /* YZHUINavigationControllerTests.m in Sources */ = {isa = PBXBuildFile; fileRef = E4FF4E3B1DDDB3AF003C0A79 /* YZHUINavigationControllerTests.m */; };
		E4FF4E4A1DDDB448003C0A79 /* UINavigationBarView.m in Sources */ = {isa = PBXBuildFile; fileRef = E4FF4E491DDDB448003C0A79 /* UINavigationBarView.m */; };
		E4FF4E4E1DDDB559003C0A79 /* YZHUINavigationController.m in Sources */ = {isa = PBXBuildFile; fileRef = E4FF4E4D1DDDB559003C0A79 /* YZHUINavigationController.m */; };
		E4FF4E511DDDB597003C0A79 /* YZHUIViewController.m in Sources */ = {isa = PBXBuildFile; fileRef = E4FF4E501DDDB597003C0A79 /* YZHUIViewController.m */; };
		E4FF4E551DDDB80E003C0A79 /* YZHBaseAnimatedTransition.m in Sources */ = {isa = PBXBuildFile; fileRef = E4FF4E541DDDB80E003C0A79 /* YZHBaseAnimatedTransition.m */; };
		E4FF4E581DDDB913003C0A79 /* FirstViewController.m in Sources */ = {isa = PBXBuildFile; fileRef = E4FF4E571DDDB913003C0A79 /* FirstViewController.m */; };
		E4FF4E5B1DDDB923003C0A79 /* SecondViewController.m in Sources */ = {isa = PBXBuildFile; fileRef = E4FF4E5A1DDDB923003C0A79 /* SecondViewController.m */; };
/* End PBXBuildFile section */

/* Begin PBXContainerItemProxy section */
		E4FF4E361DDDB3AF003C0A79 /* PBXContainerItemProxy */ = {
			isa = PBXContainerItemProxy;
			containerPortal = E4FF4E141DDDB3AF003C0A79 /* Project object */;
			proxyType = 1;
			remoteGlobalIDString = E4FF4E1B1DDDB3AF003C0A79;
			remoteInfo = YZHUINavigationController;
		};
/* End PBXContainerItemProxy section */

/* Begin PBXFileReference section */
		1C45CB3A20D22B7B00FA5578 /* UIView+Snapshot.h */ = {isa = PBXFileReference; lastKnownFileType = sourcecode.c.h; path = "UIView+Snapshot.h"; sourceTree = "<group>"; };
		1C45CB3B20D22B7B00FA5578 /* UIView+Snapshot.m */ = {isa = PBXFileReference; lastKnownFileType = sourcecode.c.objc; path = "UIView+Snapshot.m"; sourceTree = "<group>"; };
		1C45CB3D20D23A3C00FA5578 /* UITabBarController+UITabBarView.h */ = {isa = PBXFileReference; lastKnownFileType = sourcecode.c.h; path = "UITabBarController+UITabBarView.h"; sourceTree = "<group>"; };
		1C45CB3E20D23A3C00FA5578 /* UITabBarController+UITabBarView.m */ = {isa = PBXFileReference; lastKnownFileType = sourcecode.c.objc; path = "UITabBarController+UITabBarView.m"; sourceTree = "<group>"; };
		1C557E7E208831DA0006E857 /* Macro.h */ = {isa = PBXFileReference; fileEncoding = 4; lastKnownFileType = sourcecode.c.h; path = Macro.h; sourceTree = "<group>"; };
		1C557E7F208842800006E857 /* UITabBarItem+UIButton.h */ = {isa = PBXFileReference; fileEncoding = 4; lastKnownFileType = sourcecode.c.h; path = "UITabBarItem+UIButton.h"; sourceTree = "<group>"; };
		1C557E80208842800006E857 /* UITabBarItem+UIButton.m */ = {isa = PBXFileReference; fileEncoding = 4; lastKnownFileType = sourcecode.c.objc; path = "UITabBarItem+UIButton.m"; sourceTree = "<group>"; };
		1C557E97209024E40006E857 /* UIViewController+UITabBarButton.h */ = {isa = PBXFileReference; lastKnownFileType = sourcecode.c.h; path = "UIViewController+UITabBarButton.h"; sourceTree = "<group>"; };
		1C557E98209024E40006E857 /* UIViewController+UITabBarButton.m */ = {isa = PBXFileReference; lastKnownFileType = sourcecode.c.objc; path = "UIViewController+UITabBarButton.m"; sourceTree = "<group>"; };
		1C59B065209411D600427D84 /* Style4_2ViewController.h */ = {isa = PBXFileReference; lastKnownFileType = sourcecode.c.h; path = Style4_2ViewController.h; sourceTree = "<group>"; };
		1C59B066209411D600427D84 /* Style4_2ViewController.m */ = {isa = PBXFileReference; lastKnownFileType = sourcecode.c.objc; path = Style4_2ViewController.m; sourceTree = "<group>"; };
		1C59B0682094130200427D84 /* Style5_2ViewController.h */ = {isa = PBXFileReference; lastKnownFileType = sourcecode.c.h; path = Style5_2ViewController.h; sourceTree = "<group>"; };
		1C59B0692094130200427D84 /* Style5_2ViewController.m */ = {isa = PBXFileReference; lastKnownFileType = sourcecode.c.objc; path = Style5_2ViewController.m; sourceTree = "<group>"; };
		1C59B06B2094473200427D84 /* UIView+UIGestureRecognizer.m */ = {isa = PBXFileReference; fileEncoding = 4; lastKnownFileType = sourcecode.c.objc; path = "UIView+UIGestureRecognizer.m"; sourceTree = "<group>"; };
		1C59B06C2094473200427D84 /* UIView+UIGestureRecognizer.h */ = {isa = PBXFileReference; fileEncoding = 4; lastKnownFileType = sourcecode.c.h; path = "UIView+UIGestureRecognizer.h"; sourceTree = "<group>"; };
		1C59B06E20944D6200427D84 /* UIGestureRecognizer+YZHState.h */ = {isa = PBXFileReference; fileEncoding = 4; lastKnownFileType = sourcecode.c.h; path = "UIGestureRecognizer+YZHState.h"; sourceTree = "<group>"; };
		1C59B06F20944D6300427D84 /* UIGestureRecognizer+YZHState.m */ = {isa = PBXFileReference; fileEncoding = 4; lastKnownFileType = sourcecode.c.objc; path = "UIGestureRecognizer+YZHState.m"; sourceTree = "<group>"; };
		1C5E1A2F2092FC5500154928 /* Style5ViewController.h */ = {isa = PBXFileReference; lastKnownFileType = sourcecode.c.h; path = Style5ViewController.h; sourceTree = "<group>"; };
		1C5E1A302092FC5500154928 /* Style5ViewController.m */ = {isa = PBXFileReference; lastKnownFileType = sourcecode.c.objc; path = Style5ViewController.m; sourceTree = "<group>"; };
		1C5E1A3420930A8100154928 /* UIImage+TintColor.h */ = {isa = PBXFileReference; lastKnownFileType = sourcecode.c.h; path = "UIImage+TintColor.h"; sourceTree = "<group>"; };
		1C5E1A3520930A8100154928 /* UIImage+TintColor.m */ = {isa = PBXFileReference; lastKnownFileType = sourcecode.c.objc; path = "UIImage+TintColor.m"; sourceTree = "<group>"; };
		1C99E5811EA4672400A316E2 /* Config.h */ = {isa = PBXFileReference; fileEncoding = 4; lastKnownFileType = sourcecode.c.h; path = Config.h; sourceTree = "<group>"; };
		1C99E5821EA4674500A316E2 /* UIScrollView+UIPanGestureRecognizers.h */ = {isa = PBXFileReference; fileEncoding = 4; lastKnownFileType = sourcecode.c.h; path = "UIScrollView+UIPanGestureRecognizers.h"; sourceTree = "<group>"; };
		1C99E5831EA4674500A316E2 /* UIScrollView+UIPanGestureRecognizers.m */ = {isa = PBXFileReference; fileEncoding = 4; lastKnownFileType = sourcecode.c.objc; path = "UIScrollView+UIPanGestureRecognizers.m"; sourceTree = "<group>"; };
		1C9CE9C91FFE06E10019C647 /* UISideSlipViewController.h */ = {isa = PBXFileReference; fileEncoding = 4; lastKnownFileType = sourcecode.c.h; path = UISideSlipViewController.h; sourceTree = "<group>"; };
		1C9CE9CA1FFE06E10019C647 /* UISideSlipViewController.m */ = {isa = PBXFileReference; fileEncoding = 4; lastKnownFileType = sourcecode.c.objc; path = UISideSlipViewController.m; sourceTree = "<group>"; };
		1C9CE9CC1FFE07700019C647 /* leftViewController.h */ = {isa = PBXFileReference; lastKnownFileType = sourcecode.c.h; path = leftViewController.h; sourceTree = "<group>"; };
		1C9CE9CD1FFE07700019C647 /* leftViewController.m */ = {isa = PBXFileReference; lastKnownFileType = sourcecode.c.objc; path = leftViewController.m; sourceTree = "<group>"; };
		1C9CE9CF1FFE077F0019C647 /* rightViewController.h */ = {isa = PBXFileReference; lastKnownFileType = sourcecode.c.h; path = rightViewController.h; sourceTree = "<group>"; };
		1C9CE9D01FFE077F0019C647 /* rightViewController.m */ = {isa = PBXFileReference; lastKnownFileType = sourcecode.c.objc; path = rightViewController.m; sourceTree = "<group>"; };
		1CB1452820B26D1500E3AD57 /* YZHUIGraphicsImage.h */ = {isa = PBXFileReference; fileEncoding = 4; lastKnownFileType = sourcecode.c.h; path = YZHUIGraphicsImage.h; sourceTree = "<group>"; };
		1CB1452920B26D1500E3AD57 /* YZHUIGraphicsImage.m */ = {isa = PBXFileReference; fileEncoding = 4; lastKnownFileType = sourcecode.c.objc; path = YZHUIGraphicsImage.m; sourceTree = "<group>"; };
		1CC6A72E2079B1F900368C2C /* YZHUIBarButtonItem.h */ = {isa = PBXFileReference; fileEncoding = 4; lastKnownFileType = sourcecode.c.h; path = YZHUIBarButtonItem.h; sourceTree = "<group>"; };
		1CC6A7302079B1F900368C2C /* YZHUIBarButtonItem.m */ = {isa = PBXFileReference; fileEncoding = 4; lastKnownFileType = sourcecode.c.objc; path = YZHUIBarButtonItem.m; sourceTree = "<group>"; };
		E416F5C31DE2A51E0027CC35 /* UINavigationPopScrollView.h */ = {isa = PBXFileReference; fileEncoding = 4; lastKnownFileType = sourcecode.c.h; path = UINavigationPopScrollView.h; sourceTree = "<group>"; };
		E416F5C41DE2A51E0027CC35 /* UINavigationPopScrollView.m */ = {isa = PBXFileReference; fileEncoding = 4; lastKnownFileType = sourcecode.c.objc; path = UINavigationPopScrollView.m; sourceTree = "<group>"; };
		E4392C371DF6827200316201 /* Device.png */ = {isa = PBXFileReference; lastKnownFileType = image.png; path = Device.png; sourceTree = "<group>"; };
		E4392C381DF6827200316201 /* Device@2x.png */ = {isa = PBXFileReference; lastKnownFileType = image.png; path = "Device@2x.png"; sourceTree = "<group>"; };
		E4392C391DF6827200316201 /* Device@3x.png */ = {isa = PBXFileReference; lastKnownFileType = image.png; path = "Device@3x.png"; sourceTree = "<group>"; };
		E4392C3A1DF6827200316201 /* DLNA.png */ = {isa = PBXFileReference; lastKnownFileType = image.png; path = DLNA.png; sourceTree = "<group>"; };
		E4392C3B1DF6827200316201 /* DLNA@2x.png */ = {isa = PBXFileReference; lastKnownFileType = image.png; path = "DLNA@2x.png"; sourceTree = "<group>"; };
		E4392C3C1DF6827200316201 /* DLNA@3x.png */ = {isa = PBXFileReference; lastKnownFileType = image.png; path = "DLNA@3x.png"; sourceTree = "<group>"; };
		E4392C3D1DF6827200316201 /* List.png */ = {isa = PBXFileReference; lastKnownFileType = image.png; path = List.png; sourceTree = "<group>"; };
		E4392C3E1DF6827200316201 /* List@2x.png */ = {isa = PBXFileReference; lastKnownFileType = image.png; path = "List@2x.png"; sourceTree = "<group>"; };
		E4392C3F1DF6827200316201 /* List@3x.png */ = {isa = PBXFileReference; lastKnownFileType = image.png; path = "List@3x.png"; sourceTree = "<group>"; };
		E448D31D1E53093E00A2F35C /* YZHTabBarController.h */ = {isa = PBXFileReference; fileEncoding = 4; lastKnownFileType = sourcecode.c.h; path = YZHTabBarController.h; sourceTree = "<group>"; };
		E448D31E1E53093E00A2F35C /* YZHTabBarController.m */ = {isa = PBXFileReference; fileEncoding = 4; lastKnownFileType = sourcecode.c.objc; path = YZHTabBarController.m; sourceTree = "<group>"; };
		E448D3211E53093E00A2F35C /* UITabBarButton.h */ = {isa = PBXFileReference; fileEncoding = 4; lastKnownFileType = sourcecode.c.h; path = UITabBarButton.h; sourceTree = "<group>"; };
		E448D3221E53093E00A2F35C /* UITabBarButton.m */ = {isa = PBXFileReference; fileEncoding = 4; lastKnownFileType = sourcecode.c.objc; path = UITabBarButton.m; sourceTree = "<group>"; };
		E448D3231E53093E00A2F35C /* UITabBarView.h */ = {isa = PBXFileReference; fileEncoding = 4; lastKnownFileType = sourcecode.c.h; path = UITabBarView.h; sourceTree = "<group>"; };
		E448D3241E53093E00A2F35C /* UITabBarView.m */ = {isa = PBXFileReference; fileEncoding = 4; lastKnownFileType = sourcecode.c.objc; path = UITabBarView.m; sourceTree = "<group>"; };
		E448D3281E530A4A00A2F35C /* Style1ViewController.h */ = {isa = PBXFileReference; fileEncoding = 4; lastKnownFileType = sourcecode.c.h; path = Style1ViewController.h; sourceTree = "<group>"; };
		E448D3291E530A4A00A2F35C /* Style1ViewController.m */ = {isa = PBXFileReference; fileEncoding = 4; lastKnownFileType = sourcecode.c.objc; path = Style1ViewController.m; sourceTree = "<group>"; };
		E448D32B1E530A6700A2F35C /* Style2ViewController.h */ = {isa = PBXFileReference; fileEncoding = 4; lastKnownFileType = sourcecode.c.h; path = Style2ViewController.h; sourceTree = "<group>"; };
		E448D32C1E530A6700A2F35C /* Style2ViewController.m */ = {isa = PBXFileReference; fileEncoding = 4; lastKnownFileType = sourcecode.c.objc; path = Style2ViewController.m; sourceTree = "<group>"; };
		E448D32E1E530A8A00A2F35C /* Style3ViewController.h */ = {isa = PBXFileReference; fileEncoding = 4; lastKnownFileType = sourcecode.c.h; path = Style3ViewController.h; sourceTree = "<group>"; };
		E448D32F1E530A8A00A2F35C /* Style3ViewController.m */ = {isa = PBXFileReference; fileEncoding = 4; lastKnownFileType = sourcecode.c.objc; path = Style3ViewController.m; sourceTree = "<group>"; };
		E448D3311E530B6A00A2F35C /* Style4ViewController.h */ = {isa = PBXFileReference; fileEncoding = 4; lastKnownFileType = sourcecode.c.h; path = Style4ViewController.h; sourceTree = "<group>"; };
		E448D3321E530B6A00A2F35C /* Style4ViewController.m */ = {isa = PBXFileReference; fileEncoding = 4; lastKnownFileType = sourcecode.c.objc; path = Style4ViewController.m; sourceTree = "<group>"; };
		E448D3341E53313D00A2F35C /* Style1_2ViewController.h */ = {isa = PBXFileReference; fileEncoding = 4; lastKnownFileType = sourcecode.c.h; path = Style1_2ViewController.h; sourceTree = "<group>"; };
		E448D3351E53313D00A2F35C /* Style1_2ViewController.m */ = {isa = PBXFileReference; fileEncoding = 4; lastKnownFileType = sourcecode.c.objc; path = Style1_2ViewController.m; sourceTree = "<group>"; };
		E448D3371E53465900A2F35C /* Style2_2ViewController.h */ = {isa = PBXFileReference; fileEncoding = 4; lastKnownFileType = sourcecode.c.h; path = Style2_2ViewController.h; sourceTree = "<group>"; };
		E448D3381E53465900A2F35C /* Style2_2ViewController.m */ = {isa = PBXFileReference; fileEncoding = 4; lastKnownFileType = sourcecode.c.objc; path = Style2_2ViewController.m; sourceTree = "<group>"; };
		E48A2BC71DDE0214006E54FB /* UINavigationItemView.h */ = {isa = PBXFileReference; fileEncoding = 4; lastKnownFileType = sourcecode.c.h; path = UINavigationItemView.h; sourceTree = "<group>"; };
		E48A2BC81DDE0214006E54FB /* UINavigationItemView.m */ = {isa = PBXFileReference; fileEncoding = 4; lastKnownFileType = sourcecode.c.objc; path = UINavigationItemView.m; sourceTree = "<group>"; };
		E48A2BCA1DDE0561006E54FB /* YZHDefaultAnimatedTransition.h */ = {isa = PBXFileReference; fileEncoding = 4; lastKnownFileType = sourcecode.c.h; path = YZHDefaultAnimatedTransition.h; sourceTree = "<group>"; };
		E48A2BCB1DDE0561006E54FB /* YZHDefaultAnimatedTransition.m */ = {isa = PBXFileReference; fileEncoding = 4; lastKnownFileType = sourcecode.c.objc; path = YZHDefaultAnimatedTransition.m; sourceTree = "<group>"; };
		E48A2BCD1DDE0600006E54FB /* UIView+UIViewController.h */ = {isa = PBXFileReference; fileEncoding = 4; lastKnownFileType = sourcecode.c.h; path = "UIView+UIViewController.h"; sourceTree = "<group>"; };
		E48A2BCE1DDE0600006E54FB /* UIView+UIViewController.m */ = {isa = PBXFileReference; fileEncoding = 4; lastKnownFileType = sourcecode.c.objc; path = "UIView+UIViewController.m"; sourceTree = "<group>"; };
		E48A2BD01DDE060B006E54FB /* UIViewController+NavigationBarAndItemView.h */ = {isa = PBXFileReference; fileEncoding = 4; lastKnownFileType = sourcecode.c.h; path = "UIViewController+NavigationBarAndItemView.h"; sourceTree = "<group>"; };
		E48A2BD11DDE060B006E54FB /* UIViewController+NavigationBarAndItemView.m */ = {isa = PBXFileReference; fileEncoding = 4; lastKnownFileType = sourcecode.c.objc; path = "UIViewController+NavigationBarAndItemView.m"; sourceTree = "<group>"; };
		E48B00AA1E545BD0000160BC /* Style3_2ViewController.h */ = {isa = PBXFileReference; fileEncoding = 4; lastKnownFileType = sourcecode.c.h; path = Style3_2ViewController.h; sourceTree = "<group>"; };
		E48B00AB1E545BD0000160BC /* Style3_2ViewController.m */ = {isa = PBXFileReference; fileEncoding = 4; lastKnownFileType = sourcecode.c.objc; path = Style3_2ViewController.m; sourceTree = "<group>"; };
		E48B00AD1E545F56000160BC /* Style3_3ViewController.h */ = {isa = PBXFileReference; fileEncoding = 4; lastKnownFileType = sourcecode.c.h; path = Style3_3ViewController.h; sourceTree = "<group>"; };
		E48B00AE1E545F56000160BC /* Style3_3ViewController.m */ = {isa = PBXFileReference; fileEncoding = 4; lastKnownFileType = sourcecode.c.objc; path = Style3_3ViewController.m; sourceTree = "<group>"; };
		E48B00B01E546111000160BC /* Style1_3ViewController.h */ = {isa = PBXFileReference; fileEncoding = 4; lastKnownFileType = sourcecode.c.h; path = Style1_3ViewController.h; sourceTree = "<group>"; };
		E48B00B11E546111000160BC /* Style1_3ViewController.m */ = {isa = PBXFileReference; fileEncoding = 4; lastKnownFileType = sourcecode.c.objc; path = Style1_3ViewController.m; sourceTree = "<group>"; };
		E4FF4E1C1DDDB3AF003C0A79 /* YZHUINavigationController.app */ = {isa = PBXFileReference; explicitFileType = wrapper.application; includeInIndex = 0; path = YZHUINavigationController.app; sourceTree = BUILT_PRODUCTS_DIR; };
		E4FF4E201DDDB3AF003C0A79 /* Info.plist */ = {isa = PBXFileReference; lastKnownFileType = text.plist.xml; path = Info.plist; sourceTree = "<group>"; };
		E4FF4E211DDDB3AF003C0A79 /* main.m */ = {isa = PBXFileReference; lastKnownFileType = sourcecode.c.objc; path = main.m; sourceTree = "<group>"; };
		E4FF4E231DDDB3AF003C0A79 /* AppDelegate.h */ = {isa = PBXFileReference; lastKnownFileType = sourcecode.c.h; path = AppDelegate.h; sourceTree = "<group>"; };
		E4FF4E241DDDB3AF003C0A79 /* AppDelegate.m */ = {isa = PBXFileReference; lastKnownFileType = sourcecode.c.objc; path = AppDelegate.m; sourceTree = "<group>"; };
		E4FF4E2C1DDDB3AF003C0A79 /* Images.xcassets */ = {isa = PBXFileReference; lastKnownFileType = folder.assetcatalog; path = Images.xcassets; sourceTree = "<group>"; };
		E4FF4E351DDDB3AF003C0A79 /* YZHUINavigationControllerTests.xctest */ = {isa = PBXFileReference; explicitFileType = wrapper.cfbundle; includeInIndex = 0; path = YZHUINavigationControllerTests.xctest; sourceTree = BUILT_PRODUCTS_DIR; };
		E4FF4E3A1DDDB3AF003C0A79 /* Info.plist */ = {isa = PBXFileReference; lastKnownFileType = text.plist.xml; path = Info.plist; sourceTree = "<group>"; };
		E4FF4E3B1DDDB3AF003C0A79 /* YZHUINavigationControllerTests.m */ = {isa = PBXFileReference; lastKnownFileType = sourcecode.c.objc; path = YZHUINavigationControllerTests.m; sourceTree = "<group>"; };
		E4FF4E481DDDB448003C0A79 /* UINavigationBarView.h */ = {isa = PBXFileReference; fileEncoding = 4; lastKnownFileType = sourcecode.c.h; path = UINavigationBarView.h; sourceTree = "<group>"; };
		E4FF4E491DDDB448003C0A79 /* UINavigationBarView.m */ = {isa = PBXFileReference; fileEncoding = 4; lastKnownFileType = sourcecode.c.objc; path = UINavigationBarView.m; sourceTree = "<group>"; };
		E4FF4E4B1DDDB481003C0A79 /* PrefixHeader.pch */ = {isa = PBXFileReference; fileEncoding = 4; lastKnownFileType = sourcecode.c.h; path = PrefixHeader.pch; sourceTree = "<group>"; };
		E4FF4E4C1DDDB559003C0A79 /* YZHUINavigationController.h */ = {isa = PBXFileReference; fileEncoding = 4; lastKnownFileType = sourcecode.c.h; path = YZHUINavigationController.h; sourceTree = "<group>"; };
		E4FF4E4D1DDDB559003C0A79 /* YZHUINavigationController.m */ = {isa = PBXFileReference; fileEncoding = 4; lastKnownFileType = sourcecode.c.objc; path = YZHUINavigationController.m; sourceTree = "<group>"; };
		E4FF4E4F1DDDB597003C0A79 /* YZHUIViewController.h */ = {isa = PBXFileReference; fileEncoding = 4; lastKnownFileType = sourcecode.c.h; path = YZHUIViewController.h; sourceTree = "<group>"; };
		E4FF4E501DDDB597003C0A79 /* YZHUIViewController.m */ = {isa = PBXFileReference; fileEncoding = 4; lastKnownFileType = sourcecode.c.objc; path = YZHUIViewController.m; sourceTree = "<group>"; };
		E4FF4E531DDDB80E003C0A79 /* YZHBaseAnimatedTransition.h */ = {isa = PBXFileReference; fileEncoding = 4; lastKnownFileType = sourcecode.c.h; path = YZHBaseAnimatedTransition.h; sourceTree = "<group>"; };
		E4FF4E541DDDB80E003C0A79 /* YZHBaseAnimatedTransition.m */ = {isa = PBXFileReference; fileEncoding = 4; lastKnownFileType = sourcecode.c.objc; path = YZHBaseAnimatedTransition.m; sourceTree = "<group>"; };
		E4FF4E561DDDB913003C0A79 /* FirstViewController.h */ = {isa = PBXFileReference; fileEncoding = 4; lastKnownFileType = sourcecode.c.h; path = FirstViewController.h; sourceTree = "<group>"; };
		E4FF4E571DDDB913003C0A79 /* FirstViewController.m */ = {isa = PBXFileReference; fileEncoding = 4; lastKnownFileType = sourcecode.c.objc; path = FirstViewController.m; sourceTree = "<group>"; };
		E4FF4E591DDDB923003C0A79 /* SecondViewController.h */ = {isa = PBXFileReference; fileEncoding = 4; lastKnownFileType = sourcecode.c.h; path = SecondViewController.h; sourceTree = "<group>"; };
		E4FF4E5A1DDDB923003C0A79 /* SecondViewController.m */ = {isa = PBXFileReference; fileEncoding = 4; lastKnownFileType = sourcecode.c.objc; path = SecondViewController.m; sourceTree = "<group>"; };
/* End PBXFileReference section */

/* Begin PBXFrameworksBuildPhase section */
		E4FF4E191DDDB3AF003C0A79 /* Frameworks */ = {
			isa = PBXFrameworksBuildPhase;
			buildActionMask = 2147483647;
			files = (
			);
			runOnlyForDeploymentPostprocessing = 0;
		};
		E4FF4E321DDDB3AF003C0A79 /* Frameworks */ = {
			isa = PBXFrameworksBuildPhase;
			buildActionMask = 2147483647;
			files = (
			);
			runOnlyForDeploymentPostprocessing = 0;
		};
/* End PBXFrameworksBuildPhase section */

/* Begin PBXGroup section */
		1C5E1A32209309E000154928 /* Base */ = {
			isa = PBXGroup;
			children = (
				1C5E1A33209309E000154928 /* UIKit */,
			);
			path = Base;
			sourceTree = "<group>";
		};
		1C5E1A33209309E000154928 /* UIKit */ = {
			isa = PBXGroup;
			children = (
				1C59B06E20944D6200427D84 /* UIGestureRecognizer+YZHState.h */,
				1C59B06F20944D6300427D84 /* UIGestureRecognizer+YZHState.m */,
				1C59B06C2094473200427D84 /* UIView+UIGestureRecognizer.h */,
				1C59B06B2094473200427D84 /* UIView+UIGestureRecognizer.m */,
				1C5E1A3420930A8100154928 /* UIImage+TintColor.h */,
				1C5E1A3520930A8100154928 /* UIImage+TintColor.m */,
			);
			path = UIKit;
			sourceTree = "<group>";
		};
		1C99E5801EA4672400A316E2 /* Config */ = {
			isa = PBXGroup;
			children = (
				1C99E5811EA4672400A316E2 /* Config.h */,
			);
			path = Config;
			sourceTree = "<group>";
		};
		1C9CE9C81FFE06E10019C647 /* UISideSlipViewController */ = {
			isa = PBXGroup;
			children = (
				1C9CE9C91FFE06E10019C647 /* UISideSlipViewController.h */,
				1C9CE9CA1FFE06E10019C647 /* UISideSlipViewController.m */,
			);
			path = UISideSlipViewController;
			sourceTree = "<group>";
		};
		1CB1452720B26D1500E3AD57 /* Util */ = {
			isa = PBXGroup;
			children = (
				1CB1452820B26D1500E3AD57 /* YZHUIGraphicsImage.h */,
				1CB1452920B26D1500E3AD57 /* YZHUIGraphicsImage.m */,
			);
			path = Util;
			sourceTree = "<group>";
		};
		E448D31B1E53093E00A2F35C /* YZHTabBarController */ = {
			isa = PBXGroup;
			children = (
				E448D31C1E53093E00A2F35C /* Controller */,
				E448D31F1E53093E00A2F35C /* Model */,
				E448D3201E53093E00A2F35C /* View */,
			);
			path = YZHTabBarController;
			sourceTree = "<group>";
		};
		E448D31C1E53093E00A2F35C /* Controller */ = {
			isa = PBXGroup;
			children = (
				E448D31D1E53093E00A2F35C /* YZHTabBarController.h */,
				E448D31E1E53093E00A2F35C /* YZHTabBarController.m */,
				1C557E97209024E40006E857 /* UIViewController+UITabBarButton.h */,
				1C557E98209024E40006E857 /* UIViewController+UITabBarButton.m */,
			);
			path = Controller;
			sourceTree = "<group>";
		};
		E448D31F1E53093E00A2F35C /* Model */ = {
			isa = PBXGroup;
			children = (
			);
			path = Model;
			sourceTree = "<group>";
		};
		E448D3201E53093E00A2F35C /* View */ = {
			isa = PBXGroup;
			children = (
				1C557E7F208842800006E857 /* UITabBarItem+UIButton.h */,
				1C557E80208842800006E857 /* UITabBarItem+UIButton.m */,
				E448D3211E53093E00A2F35C /* UITabBarButton.h */,
				E448D3221E53093E00A2F35C /* UITabBarButton.m */,
				E448D3231E53093E00A2F35C /* UITabBarView.h */,
				E448D3241E53093E00A2F35C /* UITabBarView.m */,
			);
			path = View;
			sourceTree = "<group>";
		};
		E4FF4E131DDDB3AF003C0A79 = {
			isa = PBXGroup;
			children = (
				E4FF4E1E1DDDB3AF003C0A79 /* YZHUINavigationController */,
				E4FF4E381DDDB3AF003C0A79 /* YZHUINavigationControllerTests */,
				E4FF4E1D1DDDB3AF003C0A79 /* Products */,
			);
			sourceTree = "<group>";
		};
		E4FF4E1D1DDDB3AF003C0A79 /* Products */ = {
			isa = PBXGroup;
			children = (
				E4FF4E1C1DDDB3AF003C0A79 /* YZHUINavigationController.app */,
				E4FF4E351DDDB3AF003C0A79 /* YZHUINavigationControllerTests.xctest */,
			);
			name = Products;
			sourceTree = "<group>";
		};
		E4FF4E1E1DDDB3AF003C0A79 /* YZHUINavigationController */ = {
			isa = PBXGroup;
			children = (
				1CB1452720B26D1500E3AD57 /* Util */,
				1C5E1A32209309E000154928 /* Base */,
				1C557E7E208831DA0006E857 /* Macro.h */,
				1C9CE9C81FFE06E10019C647 /* UISideSlipViewController */,
				E448D31B1E53093E00A2F35C /* YZHTabBarController */,
				E4392C371DF6827200316201 /* Device.png */,
				E4392C381DF6827200316201 /* Device@2x.png */,
				E4392C391DF6827200316201 /* Device@3x.png */,
				E4392C3A1DF6827200316201 /* DLNA.png */,
				E4392C3B1DF6827200316201 /* DLNA@2x.png */,
				E4392C3C1DF6827200316201 /* DLNA@3x.png */,
				E4392C3D1DF6827200316201 /* List.png */,
				E4392C3E1DF6827200316201 /* List@2x.png */,
				E4392C3F1DF6827200316201 /* List@3x.png */,
				E4FF4E451DDDB448003C0A79 /* YZHUINavigation */,
				E4FF4E231DDDB3AF003C0A79 /* AppDelegate.h */,
				E4FF4E241DDDB3AF003C0A79 /* AppDelegate.m */,
				E4FF4E2C1DDDB3AF003C0A79 /* Images.xcassets */,
				E4FF4E1F1DDDB3AF003C0A79 /* Supporting Files */,
				E4FF4E561DDDB913003C0A79 /* FirstViewController.h */,
				E4FF4E571DDDB913003C0A79 /* FirstViewController.m */,
				E4FF4E591DDDB923003C0A79 /* SecondViewController.h */,
				E4FF4E5A1DDDB923003C0A79 /* SecondViewController.m */,
				E448D3281E530A4A00A2F35C /* Style1ViewController.h */,
				E448D3291E530A4A00A2F35C /* Style1ViewController.m */,
				E448D32B1E530A6700A2F35C /* Style2ViewController.h */,
				E448D32C1E530A6700A2F35C /* Style2ViewController.m */,
				E448D32E1E530A8A00A2F35C /* Style3ViewController.h */,
				E448D32F1E530A8A00A2F35C /* Style3ViewController.m */,
				E448D3311E530B6A00A2F35C /* Style4ViewController.h */,
				E448D3321E530B6A00A2F35C /* Style4ViewController.m */,
				E448D3341E53313D00A2F35C /* Style1_2ViewController.h */,
				E448D3351E53313D00A2F35C /* Style1_2ViewController.m */,
				E448D3371E53465900A2F35C /* Style2_2ViewController.h */,
				E448D3381E53465900A2F35C /* Style2_2ViewController.m */,
				E48B00AA1E545BD0000160BC /* Style3_2ViewController.h */,
				E48B00AB1E545BD0000160BC /* Style3_2ViewController.m */,
				E48B00AD1E545F56000160BC /* Style3_3ViewController.h */,
				E48B00AE1E545F56000160BC /* Style3_3ViewController.m */,
				E48B00B01E546111000160BC /* Style1_3ViewController.h */,
				E48B00B11E546111000160BC /* Style1_3ViewController.m */,
				1C9CE9CC1FFE07700019C647 /* leftViewController.h */,
				1C9CE9CD1FFE07700019C647 /* leftViewController.m */,
				1C9CE9CF1FFE077F0019C647 /* rightViewController.h */,
				1C9CE9D01FFE077F0019C647 /* rightViewController.m */,
				1C5E1A2F2092FC5500154928 /* Style5ViewController.h */,
				1C5E1A302092FC5500154928 /* Style5ViewController.m */,
				1C59B065209411D600427D84 /* Style4_2ViewController.h */,
				1C59B066209411D600427D84 /* Style4_2ViewController.m */,
				1C59B0682094130200427D84 /* Style5_2ViewController.h */,
				1C59B0692094130200427D84 /* Style5_2ViewController.m */,
			);
			path = YZHUINavigationController;
			sourceTree = "<group>";
		};
		E4FF4E1F1DDDB3AF003C0A79 /* Supporting Files */ = {
			isa = PBXGroup;
			children = (
				E4FF4E4B1DDDB481003C0A79 /* PrefixHeader.pch */,
				E4FF4E201DDDB3AF003C0A79 /* Info.plist */,
				E4FF4E211DDDB3AF003C0A79 /* main.m */,
			);
			name = "Supporting Files";
			sourceTree = "<group>";
		};
		E4FF4E381DDDB3AF003C0A79 /* YZHUINavigationControllerTests */ = {
			isa = PBXGroup;
			children = (
				E4FF4E3B1DDDB3AF003C0A79 /* YZHUINavigationControllerTests.m */,
				E4FF4E391DDDB3AF003C0A79 /* Supporting Files */,
			);
			path = YZHUINavigationControllerTests;
			sourceTree = "<group>";
		};
		E4FF4E391DDDB3AF003C0A79 /* Supporting Files */ = {
			isa = PBXGroup;
			children = (
				E4FF4E3A1DDDB3AF003C0A79 /* Info.plist */,
			);
			name = "Supporting Files";
			sourceTree = "<group>";
		};
		E4FF4E451DDDB448003C0A79 /* YZHUINavigation */ = {
			isa = PBXGroup;
			children = (
				1C99E5801EA4672400A316E2 /* Config */,
				E4FF4E521DDDB80E003C0A79 /* Model */,
				E4FF4E461DDDB448003C0A79 /* Controller */,
				E4FF4E471DDDB448003C0A79 /* View */,
			);
			path = YZHUINavigation;
			sourceTree = "<group>";
		};
		E4FF4E461DDDB448003C0A79 /* Controller */ = {
			isa = PBXGroup;
			children = (
				E48A2BD01DDE060B006E54FB /* UIViewController+NavigationBarAndItemView.h */,
				E48A2BD11DDE060B006E54FB /* UIViewController+NavigationBarAndItemView.m */,
				E4FF4E4F1DDDB597003C0A79 /* YZHUIViewController.h */,
				E4FF4E501DDDB597003C0A79 /* YZHUIViewController.m */,
				E4FF4E4C1DDDB559003C0A79 /* YZHUINavigationController.h */,
				E4FF4E4D1DDDB559003C0A79 /* YZHUINavigationController.m */,
			);
			path = Controller;
			sourceTree = "<group>";
		};
		E4FF4E471DDDB448003C0A79 /* View */ = {
			isa = PBXGroup;
			children = (
				1C99E5821EA4674500A316E2 /* UIScrollView+UIPanGestureRecognizers.h */,
				1C99E5831EA4674500A316E2 /* UIScrollView+UIPanGestureRecognizers.m */,
				E48A2BCD1DDE0600006E54FB /* UIView+UIViewController.h */,
				E48A2BCE1DDE0600006E54FB /* UIView+UIViewController.m */,
				E48A2BC71DDE0214006E54FB /* UINavigationItemView.h */,
				E48A2BC81DDE0214006E54FB /* UINavigationItemView.m */,
				E4FF4E481DDDB448003C0A79 /* UINavigationBarView.h */,
				E4FF4E491DDDB448003C0A79 /* UINavigationBarView.m */,
				E416F5C31DE2A51E0027CC35 /* UINavigationPopScrollView.h */,
				E416F5C41DE2A51E0027CC35 /* UINavigationPopScrollView.m */,
				1C45CB3A20D22B7B00FA5578 /* UIView+Snapshot.h */,
				1C45CB3B20D22B7B00FA5578 /* UIView+Snapshot.m */,
				1C45CB3D20D23A3C00FA5578 /* UITabBarController+UITabBarView.h */,
				1C45CB3E20D23A3C00FA5578 /* UITabBarController+UITabBarView.m */,
			);
			path = View;
			sourceTree = "<group>";
		};
		E4FF4E521DDDB80E003C0A79 /* Model */ = {
			isa = PBXGroup;
			children = (
				1CC6A72E2079B1F900368C2C /* YZHUIBarButtonItem.h */,
				1CC6A7302079B1F900368C2C /* YZHUIBarButtonItem.m */,
				E48A2BCA1DDE0561006E54FB /* YZHDefaultAnimatedTransition.h */,
				E48A2BCB1DDE0561006E54FB /* YZHDefaultAnimatedTransition.m */,
				E4FF4E531DDDB80E003C0A79 /* YZHBaseAnimatedTransition.h */,
				E4FF4E541DDDB80E003C0A79 /* YZHBaseAnimatedTransition.m */,
			);
			path = Model;
			sourceTree = "<group>";
		};
/* End PBXGroup section */

/* Begin PBXNativeTarget section */
		E4FF4E1B1DDDB3AF003C0A79 /* YZHUINavigationController */ = {
			isa = PBXNativeTarget;
			buildConfigurationList = E4FF4E3F1DDDB3AF003C0A79 /* Build configuration list for PBXNativeTarget "YZHUINavigationController" */;
			buildPhases = (
				E4FF4E181DDDB3AF003C0A79 /* Sources */,
				E4FF4E191DDDB3AF003C0A79 /* Frameworks */,
				E4FF4E1A1DDDB3AF003C0A79 /* Resources */,
			);
			buildRules = (
			);
			dependencies = (
			);
			name = YZHUINavigationController;
			productName = YZHUINavigationController;
			productReference = E4FF4E1C1DDDB3AF003C0A79 /* YZHUINavigationController.app */;
			productType = "com.apple.product-type.application";
		};
		E4FF4E341DDDB3AF003C0A79 /* YZHUINavigationControllerTests */ = {
			isa = PBXNativeTarget;
			buildConfigurationList = E4FF4E421DDDB3AF003C0A79 /* Build configuration list for PBXNativeTarget "YZHUINavigationControllerTests" */;
			buildPhases = (
				E4FF4E311DDDB3AF003C0A79 /* Sources */,
				E4FF4E321DDDB3AF003C0A79 /* Frameworks */,
				E4FF4E331DDDB3AF003C0A79 /* Resources */,
			);
			buildRules = (
			);
			dependencies = (
				E4FF4E371DDDB3AF003C0A79 /* PBXTargetDependency */,
			);
			name = YZHUINavigationControllerTests;
			productName = YZHUINavigationControllerTests;
			productReference = E4FF4E351DDDB3AF003C0A79 /* YZHUINavigationControllerTests.xctest */;
			productType = "com.apple.product-type.bundle.unit-test";
		};
/* End PBXNativeTarget section */

/* Begin PBXProject section */
		E4FF4E141DDDB3AF003C0A79 /* Project object */ = {
			isa = PBXProject;
			attributes = {
				LastUpgradeCheck = 0640;
				ORGANIZATIONNAME = dlodlo;
				TargetAttributes = {
					E4FF4E1B1DDDB3AF003C0A79 = {
						CreatedOnToolsVersion = 6.4;
						DevelopmentTeam = QSXU259F8V;
						ProvisioningStyle = Automatic;
					};
					E4FF4E341DDDB3AF003C0A79 = {
						CreatedOnToolsVersion = 6.4;
						TestTargetID = E4FF4E1B1DDDB3AF003C0A79;
					};
				};
			};
			buildConfigurationList = E4FF4E171DDDB3AF003C0A79 /* Build configuration list for PBXProject "YZHUINavigationController" */;
			compatibilityVersion = "Xcode 3.2";
			developmentRegion = English;
			hasScannedForEncodings = 0;
			knownRegions = (
				en,
				Base,
			);
			mainGroup = E4FF4E131DDDB3AF003C0A79;
			productRefGroup = E4FF4E1D1DDDB3AF003C0A79 /* Products */;
			projectDirPath = "";
			projectRoot = "";
			targets = (
				E4FF4E1B1DDDB3AF003C0A79 /* YZHUINavigationController */,
				E4FF4E341DDDB3AF003C0A79 /* YZHUINavigationControllerTests */,
			);
		};
/* End PBXProject section */

/* Begin PBXResourcesBuildPhase section */
		E4FF4E1A1DDDB3AF003C0A79 /* Resources */ = {
			isa = PBXResourcesBuildPhase;
			buildActionMask = 2147483647;
			files = (
				E4392C471DF6827200316201 /* List@2x.png in Resources */,
				E4392C461DF6827200316201 /* List.png in Resources */,
				E4FF4E2D1DDDB3AF003C0A79 /* Images.xcassets in Resources */,
				E4392C421DF6827200316201 /* Device@3x.png in Resources */,
				E4392C431DF6827200316201 /* DLNA.png in Resources */,
				E4392C401DF6827200316201 /* Device.png in Resources */,
				E4392C411DF6827200316201 /* Device@2x.png in Resources */,
				E4392C481DF6827200316201 /* List@3x.png in Resources */,
				E4392C451DF6827200316201 /* DLNA@3x.png in Resources */,
				E4392C441DF6827200316201 /* DLNA@2x.png in Resources */,
			);
			runOnlyForDeploymentPostprocessing = 0;
		};
		E4FF4E331DDDB3AF003C0A79 /* Resources */ = {
			isa = PBXResourcesBuildPhase;
			buildActionMask = 2147483647;
			files = (
			);
			runOnlyForDeploymentPostprocessing = 0;
		};
/* End PBXResourcesBuildPhase section */

/* Begin PBXSourcesBuildPhase section */
		E4FF4E181DDDB3AF003C0A79 /* Sources */ = {
			isa = PBXSourcesBuildPhase;
			buildActionMask = 2147483647;
			files = (
				E48B00B21E546111000160BC /* Style1_3ViewController.m in Sources */,
				E48B00AF1E545F56000160BC /* Style3_3ViewController.m in Sources */,
				1C59B07020944D6300427D84 /* UIGestureRecognizer+YZHState.m in Sources */,
				1C59B06A2094130200427D84 /* Style5_2ViewController.m in Sources */,
				1CB1452A20B26D1500E3AD57 /* YZHUIGraphicsImage.m in Sources */,
				1C45CB3F20D23A3C00FA5578 /* UITabBarController+UITabBarView.m in Sources */,
				E48A2BD21DDE060B006E54FB /* UIViewController+NavigationBarAndItemView.m in Sources */,
				E4FF4E4A1DDDB448003C0A79 /* UINavigationBarView.m in Sources */,
				1C5E1A3620930A8100154928 /* UIImage+TintColor.m in Sources */,
				E48A2BC91DDE0214006E54FB /* UINavigationItemView.m in Sources */,
				E448D32A1E530A4A00A2F35C /* Style1ViewController.m in Sources */,
				E4FF4E511DDDB597003C0A79 /* YZHUIViewController.m in Sources */,
				E448D3331E530B6A00A2F35C /* Style4ViewController.m in Sources */,
				E48A2BCC1DDE0561006E54FB /* YZHDefaultAnimatedTransition.m in Sources */,
				1C9CE9CB1FFE06E10019C647 /* UISideSlipViewController.m in Sources */,
				E4FF4E581DDDB913003C0A79 /* FirstViewController.m in Sources */,
				E448D32D1E530A6700A2F35C /* Style2ViewController.m in Sources */,
				E4FF4E251DDDB3AF003C0A79 /* AppDelegate.m in Sources */,
				1C557E99209024E40006E857 /* UIViewController+UITabBarButton.m in Sources */,
				E48B00AC1E545BD0000160BC /* Style3_2ViewController.m in Sources */,
				1C59B06D2094473200427D84 /* UIView+UIGestureRecognizer.m in Sources */,
				E448D3261E53093E00A2F35C /* UITabBarButton.m in Sources */,
				1C557E81208842810006E857 /* UITabBarItem+UIButton.m in Sources */,
				E448D3301E530A8A00A2F35C /* Style3ViewController.m in Sources */,
				E4FF4E5B1DDDB923003C0A79 /* SecondViewController.m in Sources */,
				E48A2BCF1DDE0600006E54FB /* UIView+UIViewController.m in Sources */,
				1C9CE9D11FFE077F0019C647 /* rightViewController.m in Sources */,
				E4FF4E221DDDB3AF003C0A79 /* main.m in Sources */,
				E4FF4E551DDDB80E003C0A79 /* YZHBaseAnimatedTransition.m in Sources */,
				E448D3361E53313D00A2F35C /* Style1_2ViewController.m in Sources */,
				1C9CE9CE1FFE07700019C647 /* leftViewController.m in Sources */,
				E4FF4E4E1DDDB559003C0A79 /* YZHUINavigationController.m in Sources */,
				1C99E5841EA4674500A316E2 /* UIScrollView+UIPanGestureRecognizers.m in Sources */,
				1C45CB3C20D22B7B00FA5578 /* UIView+Snapshot.m in Sources */,
				1C5E1A312092FC5500154928 /* Style5ViewController.m in Sources */,
				E448D3391E53465900A2F35C /* Style2_2ViewController.m in Sources */,
				E416F5C51DE2A51E0027CC35 /* UINavigationPopScrollView.m in Sources */,
				1C59B067209411D600427D84 /* Style4_2ViewController.m in Sources */,
				E448D3271E53093E00A2F35C /* UITabBarView.m in Sources */,
				1CC6A7322079B1F900368C2C /* YZHUIBarButtonItem.m in Sources */,
				E448D3251E53093E00A2F35C /* YZHTabBarController.m in Sources */,
			);
			runOnlyForDeploymentPostprocessing = 0;
		};
		E4FF4E311DDDB3AF003C0A79 /* Sources */ = {
			isa = PBXSourcesBuildPhase;
			buildActionMask = 2147483647;
			files = (
				E4FF4E3C1DDDB3AF003C0A79 /* YZHUINavigationControllerTests.m in Sources */,
			);
			runOnlyForDeploymentPostprocessing = 0;
		};
/* End PBXSourcesBuildPhase section */

/* Begin PBXTargetDependency section */
		E4FF4E371DDDB3AF003C0A79 /* PBXTargetDependency */ = {
			isa = PBXTargetDependency;
			target = E4FF4E1B1DDDB3AF003C0A79 /* YZHUINavigationController */;
			targetProxy = E4FF4E361DDDB3AF003C0A79 /* PBXContainerItemProxy */;
		};
/* End PBXTargetDependency section */

/* Begin XCBuildConfiguration section */
		E4FF4E3D1DDDB3AF003C0A79 /* Debug */ = {
			isa = XCBuildConfiguration;
			buildSettings = {
				ALWAYS_SEARCH_USER_PATHS = NO;
				CLANG_CXX_LANGUAGE_STANDARD = "gnu++0x";
				CLANG_CXX_LIBRARY = "libc++";
				CLANG_ENABLE_MODULES = YES;
				CLANG_ENABLE_OBJC_ARC = YES;
				CLANG_WARN_BOOL_CONVERSION = YES;
				CLANG_WARN_CONSTANT_CONVERSION = YES;
				CLANG_WARN_DIRECT_OBJC_ISA_USAGE = YES_ERROR;
				CLANG_WARN_EMPTY_BODY = YES;
				CLANG_WARN_ENUM_CONVERSION = YES;
				CLANG_WARN_INT_CONVERSION = YES;
				CLANG_WARN_OBJC_ROOT_CLASS = YES_ERROR;
				CLANG_WARN_UNREACHABLE_CODE = YES;
				CLANG_WARN__DUPLICATE_METHOD_MATCH = YES;
				"CODE_SIGN_IDENTITY[sdk=iphoneos*]" = "iPhone Developer";
				COPY_PHASE_STRIP = NO;
				DEBUG_INFORMATION_FORMAT = "dwarf-with-dsym";
				ENABLE_STRICT_OBJC_MSGSEND = YES;
				GCC_C_LANGUAGE_STANDARD = gnu99;
				GCC_DYNAMIC_NO_PIC = NO;
				GCC_NO_COMMON_BLOCKS = YES;
				GCC_OPTIMIZATION_LEVEL = 0;
				GCC_PREPROCESSOR_DEFINITIONS = (
					"DEBUG=1",
					"$(inherited)",
				);
				GCC_SYMBOLS_PRIVATE_EXTERN = NO;
				GCC_WARN_64_TO_32_BIT_CONVERSION = YES;
				GCC_WARN_ABOUT_RETURN_TYPE = YES_ERROR;
				GCC_WARN_UNDECLARED_SELECTOR = YES;
				GCC_WARN_UNINITIALIZED_AUTOS = YES_AGGRESSIVE;
				GCC_WARN_UNUSED_FUNCTION = YES;
				GCC_WARN_UNUSED_VARIABLE = YES;
				IPHONEOS_DEPLOYMENT_TARGET = 8.4;
				MTL_ENABLE_DEBUG_INFO = YES;
				ONLY_ACTIVE_ARCH = YES;
				SDKROOT = iphoneos;
				TARGETED_DEVICE_FAMILY = "1,2";
			};
			name = Debug;
		};
		E4FF4E3E1DDDB3AF003C0A79 /* Release */ = {
			isa = XCBuildConfiguration;
			buildSettings = {
				ALWAYS_SEARCH_USER_PATHS = NO;
				CLANG_CXX_LANGUAGE_STANDARD = "gnu++0x";
				CLANG_CXX_LIBRARY = "libc++";
				CLANG_ENABLE_MODULES = YES;
				CLANG_ENABLE_OBJC_ARC = YES;
				CLANG_WARN_BOOL_CONVERSION = YES;
				CLANG_WARN_CONSTANT_CONVERSION = YES;
				CLANG_WARN_DIRECT_OBJC_ISA_USAGE = YES_ERROR;
				CLANG_WARN_EMPTY_BODY = YES;
				CLANG_WARN_ENUM_CONVERSION = YES;
				CLANG_WARN_INT_CONVERSION = YES;
				CLANG_WARN_OBJC_ROOT_CLASS = YES_ERROR;
				CLANG_WARN_UNREACHABLE_CODE = YES;
				CLANG_WARN__DUPLICATE_METHOD_MATCH = YES;
				"CODE_SIGN_IDENTITY[sdk=iphoneos*]" = "iPhone Developer";
				COPY_PHASE_STRIP = NO;
				DEBUG_INFORMATION_FORMAT = "dwarf-with-dsym";
				ENABLE_NS_ASSERTIONS = NO;
				ENABLE_STRICT_OBJC_MSGSEND = YES;
				GCC_C_LANGUAGE_STANDARD = gnu99;
				GCC_NO_COMMON_BLOCKS = YES;
				GCC_WARN_64_TO_32_BIT_CONVERSION = YES;
				GCC_WARN_ABOUT_RETURN_TYPE = YES_ERROR;
				GCC_WARN_UNDECLARED_SELECTOR = YES;
				GCC_WARN_UNINITIALIZED_AUTOS = YES_AGGRESSIVE;
				GCC_WARN_UNUSED_FUNCTION = YES;
				GCC_WARN_UNUSED_VARIABLE = YES;
				IPHONEOS_DEPLOYMENT_TARGET = 8.4;
				MTL_ENABLE_DEBUG_INFO = NO;
				SDKROOT = iphoneos;
				TARGETED_DEVICE_FAMILY = "1,2";
				VALIDATE_PRODUCT = YES;
			};
			name = Release;
		};
		E4FF4E401DDDB3AF003C0A79 /* Debug */ = {
			isa = XCBuildConfiguration;
			buildSettings = {
				ASSETCATALOG_COMPILER_APPICON_NAME = AppIcon;
				ASSETCATALOG_COMPILER_LAUNCHIMAGE_NAME = LaunchImage;
				"CODE_SIGN_IDENTITY[sdk=iphoneos*]" = "iPhone Developer";
				DEVELOPMENT_TEAM = QSXU259F8V;
				GCC_PREFIX_HEADER = YZHUINavigationController/PrefixHeader.pch;
				INFOPLIST_FILE = YZHUINavigationController/Info.plist;
				LD_RUNPATH_SEARCH_PATHS = "$(inherited) @executable_path/Frameworks";
				PRODUCT_NAME = "$(TARGET_NAME)";
				PROVISIONING_PROFILE = "";
				PROVISIONING_PROFILE_SPECIFIER = "";
			};
			name = Debug;
		};
		E4FF4E411DDDB3AF003C0A79 /* Release */ = {
			isa = XCBuildConfiguration;
			buildSettings = {
				ASSETCATALOG_COMPILER_APPICON_NAME = AppIcon;
				ASSETCATALOG_COMPILER_LAUNCHIMAGE_NAME = LaunchImage;
				"CODE_SIGN_IDENTITY[sdk=iphoneos*]" = "iPhone Developer";
				DEVELOPMENT_TEAM = QSXU259F8V;
				GCC_PREFIX_HEADER = YZHUINavigationController/PrefixHeader.pch;
				INFOPLIST_FILE = YZHUINavigationController/Info.plist;
				LD_RUNPATH_SEARCH_PATHS = "$(inherited) @executable_path/Frameworks";
				PRODUCT_NAME = "$(TARGET_NAME)";
				PROVISIONING_PROFILE = "";
				PROVISIONING_PROFILE_SPECIFIER = "";
			};
			name = Release;
		};
		E4FF4E431DDDB3AF003C0A79 /* Debug */ = {
			isa = XCBuildConfiguration;
			buildSettings = {
				BUNDLE_LOADER = "$(TEST_HOST)";
				FRAMEWORK_SEARCH_PATHS = (
					"$(SDKROOT)/Developer/Library/Frameworks",
					"$(inherited)",
				);
				GCC_PREPROCESSOR_DEFINITIONS = (
					"DEBUG=1",
					"$(inherited)",
				);
				INFOPLIST_FILE = YZHUINavigationControllerTests/Info.plist;
				LD_RUNPATH_SEARCH_PATHS = "$(inherited) @executable_path/Frameworks @loader_path/Frameworks";
				PRODUCT_NAME = "$(TARGET_NAME)";
				TEST_HOST = "$(BUILT_PRODUCTS_DIR)/YZHUINavigationController.app/YZHUINavigationController";
			};
			name = Debug;
		};
		E4FF4E441DDDB3AF003C0A79 /* Release */ = {
			isa = XCBuildConfiguration;
			buildSettings = {
				BUNDLE_LOADER = "$(TEST_HOST)";
				FRAMEWORK_SEARCH_PATHS = (
					"$(SDKROOT)/Developer/Library/Frameworks",
					"$(inherited)",
				);
				INFOPLIST_FILE = YZHUINavigationControllerTests/Info.plist;
				LD_RUNPATH_SEARCH_PATHS = "$(inherited) @executable_path/Frameworks @loader_path/Frameworks";
				PRODUCT_NAME = "$(TARGET_NAME)";
				TEST_HOST = "$(BUILT_PRODUCTS_DIR)/YZHUINavigationController.app/YZHUINavigationController";
			};
			name = Release;
		};
/* End XCBuildConfiguration section */

/* Begin XCConfigurationList section */
		E4FF4E171DDDB3AF003C0A79 /* Build configuration list for PBXProject "YZHUINavigationController" */ = {
			isa = XCConfigurationList;
			buildConfigurations = (
				E4FF4E3D1DDDB3AF003C0A79 /* Debug */,
				E4FF4E3E1DDDB3AF003C0A79 /* Release */,
			);
			defaultConfigurationIsVisible = 0;
			defaultConfigurationName = Release;
		};
		E4FF4E3F1DDDB3AF003C0A79 /* Build configuration list for PBXNativeTarget "YZHUINavigationController" */ = {
			isa = XCConfigurationList;
			buildConfigurations = (
				E4FF4E401DDDB3AF003C0A79 /* Debug */,
				E4FF4E411DDDB3AF003C0A79 /* Release */,
			);
			defaultConfigurationIsVisible = 0;
			defaultConfigurationName = Release;
		};
		E4FF4E421DDDB3AF003C0A79 /* Build configuration list for PBXNativeTarget "YZHUINavigationControllerTests" */ = {
			isa = XCConfigurationList;
			buildConfigurations = (
				E4FF4E431DDDB3AF003C0A79 /* Debug */,
				E4FF4E441DDDB3AF003C0A79 /* Release */,
			);
			defaultConfigurationIsVisible = 0;
			defaultConfigurationName = Release;
		};
/* End XCConfigurationList section */
	};
	rootObject = E4FF4E141DDDB3AF003C0A79 /* Project object */;
}
